PODS:
  - Alamofire (4.7.1)
  - KKBOXOpenAPI (1.1.8)
  - ObjectMapper (3.1.0)
  - SwifterSwift (4.2.0):
    - SwifterSwift/AppKit (= 4.2.0)
    - SwifterSwift/CoreGraphics (= 4.2.0)
    - SwifterSwift/CoreLocation (= 4.2.0)
    - SwifterSwift/Foundation (= 4.2.0)
    - SwifterSwift/MapKit (= 4.2.0)
    - SwifterSwift/SwiftStdlib (= 4.2.0)
    - SwifterSwift/UIKit (= 4.2.0)
  - SwifterSwift/AppKit (4.2.0)
  - SwifterSwift/CoreGraphics (4.2.0)
  - SwifterSwift/CoreLocation (4.2.0)
  - SwifterSwift/Foundation (4.2.0)
  - SwifterSwift/MapKit (4.2.0)
  - SwifterSwift/SwiftStdlib (4.2.0)
  - SwifterSwift/UIKit (4.2.0)

DEPENDENCIES:
  - Alamofire (~> 4.5)
  - KKBOXOpenAPI (from `https://github.com/KKBOX/OpenAPI-ObjectiveC.git`)
  - ObjectMapper
  - SwifterSwift

EXTERNAL SOURCES:
  KKBOXOpenAPI:
    :git: https://github.com/KKBOX/OpenAPI-ObjectiveC.git

CHECKOUT OPTIONS:
  KKBOXOpenAPI:
    :commit: 8163114d4263be8dac3b14acc2d093b377c8b6e1
    :git: https://github.com/KKBOX/OpenAPI-ObjectiveC.git

SPEC CHECKSUMS:
  Alamofire: 68d7d521118d49c615a8d2214d87cdf525599d30
  KKBOXOpenAPI: c3b65dfaac735182604d7588c4ff6903f72b71e0
  ObjectMapper: 20505058f54e5c3ca69e1d6de9897d152a5369a6
  SwifterSwift: 1d101dcfb0c3123226900f3b4d220d57fb60d546

PODFILE CHECKSUM: ce877422a678a6ab9510742a0976788b35a231a0

COCOAPODS: 1.4.0
